// !$*UTF8*$!
{
	archiveVersion = 1;
	classes = {
	};
	objectVersion = 46;
	objects = {

/* Begin PBXBuildFile section */
		7935CEAC201091E400F95EC5 /* HelenNewsRollView.m in Sources */ = {isa = PBXBuildFile; fileRef = 7935CEAB201091E400F95EC5 /* HelenNewsRollView.m */; };
		79D9A3AD200D928C006F88C6 /* RZHomeView_index.m in Sources */ = {isa = PBXBuildFile; fileRef = 79D9A3AC200D928C006F88C6 /* RZHomeView_index.m */; };
		79D9A3C9200D92D5006F88C6 /* NSLayoutConstraint+MASDebugAdditions.m in Sources */ = {isa = PBXBuildFile; fileRef = 79D9A3B0200D92D5006F88C6 /* NSLayoutConstraint+MASDebugAdditions.m */; };
		79D9A3CA200D92D5006F88C6 /* ViewController+MASAdditions.m in Sources */ = {isa = PBXBuildFile; fileRef = 79D9A3B9200D92D5006F88C6 /* ViewController+MASAdditions.m */; };
		79D9A3CB200D92D5006F88C6 /* MASCompositeConstraint.m in Sources */ = {isa = PBXBuildFile; fileRef = 79D9A3BD200D92D5006F88C6 /* MASCompositeConstraint.m */; };
		79D9A3CC200D92D5006F88C6 /* MASConstraintMaker.m in Sources */ = {isa = PBXBuildFile; fileRef = 79D9A3BE200D92D5006F88C6 /* MASConstraintMaker.m */; };
		79D9A3CD200D92D5006F88C6 /* MASLayoutConstraint.m in Sources */ = {isa = PBXBuildFile; fileRef = 79D9A3BF200D92D5006F88C6 /* MASLayoutConstraint.m */; };
		79D9A3CE200D92D5006F88C6 /* NSArray+MASAdditions.m in Sources */ = {isa = PBXBuildFile; fileRef = 79D9A3C0200D92D5006F88C6 /* NSArray+MASAdditions.m */; };
		79D9A3CF200D92D5006F88C6 /* View+MASAdditions.m in Sources */ = {isa = PBXBuildFile; fileRef = 79D9A3C1200D92D5006F88C6 /* View+MASAdditions.m */; };
		79D9A3D0200D92D5006F88C6 /* MASConstraint.m in Sources */ = {isa = PBXBuildFile; fileRef = 79D9A3C4200D92D5006F88C6 /* MASConstraint.m */; };
		79D9A3D1200D92D5006F88C6 /* MASViewConstraint.m in Sources */ = {isa = PBXBuildFile; fileRef = 79D9A3C6200D92D5006F88C6 /* MASViewConstraint.m */; };
		79D9A3D2200D92D5006F88C6 /* MASViewAttribute.m in Sources */ = {isa = PBXBuildFile; fileRef = 79D9A3C7200D92D5006F88C6 /* MASViewAttribute.m */; };
		79D9A3D3200D92D5006F88C6 /* Info.plist in Resources */ = {isa = PBXBuildFile; fileRef = 79D9A3C8200D92D5006F88C6 /* Info.plist */; };
		79DB41FD1DB9F3F500F2F4C6 /* main.m in Sources */ = {isa = PBXBuildFile; fileRef = 79DB41FC1DB9F3F500F2F4C6 /* main.m */; };
		79DB42001DB9F3F500F2F4C6 /* AppDelegate.m in Sources */ = {isa = PBXBuildFile; fileRef = 79DB41FF1DB9F3F500F2F4C6 /* AppDelegate.m */; };
		79DB42031DB9F3F500F2F4C6 /* ViewController.m in Sources */ = {isa = PBXBuildFile; fileRef = 79DB42021DB9F3F500F2F4C6 /* ViewController.m */; };
		79DB42061DB9F3F500F2F4C6 /* Main.storyboard in Resources */ = {isa = PBXBuildFile; fileRef = 79DB42041DB9F3F500F2F4C6 /* Main.storyboard */; };
		79DB42081DB9F3F500F2F4C6 /* Assets.xcassets in Resources */ = {isa = PBXBuildFile; fileRef = 79DB42071DB9F3F500F2F4C6 /* Assets.xcassets */; };
		79DB420B1DB9F3F500F2F4C6 /* LaunchScreen.storyboard in Resources */ = {isa = PBXBuildFile; fileRef = 79DB42091DB9F3F500F2F4C6 /* LaunchScreen.storyboard */; };
		79DB42161DB9F3F500F2F4C6 /* HelenNewsRollViewTests.m in Sources */ = {isa = PBXBuildFile; fileRef = 79DB42151DB9F3F500F2F4C6 /* HelenNewsRollViewTests.m */; };
		79DB42211DB9F3F500F2F4C6 /* HelenNewsRollViewUITests.m in Sources */ = {isa = PBXBuildFile; fileRef = 79DB42201DB9F3F500F2F4C6 /* HelenNewsRollViewUITests.m */; };
/* End PBXBuildFile section */

/* Begin PBXContainerItemProxy section */
		79DB42121DB9F3F500F2F4C6 /* PBXContainerItemProxy */ = {
			isa = PBXContainerItemProxy;
			containerPortal = 79DB41F01DB9F3F400F2F4C6 /* Project object */;
			proxyType = 1;
			remoteGlobalIDString = 79DB41F71DB9F3F500F2F4C6;
			remoteInfo = HelenNewsRollView;
		};
		79DB421D1DB9F3F500F2F4C6 /* PBXContainerItemProxy */ = {
			isa = PBXContainerItemProxy;
			containerPortal = 79DB41F01DB9F3F400F2F4C6 /* Project object */;
			proxyType = 1;
			remoteGlobalIDString = 79DB41F71DB9F3F500F2F4C6;
			remoteInfo = HelenNewsRollView;
		};
/* End PBXContainerItemProxy section */

/* Begin PBXFileReference section */
		793133B5204D357F007C0C5A /* xiaoguo.png */ = {isa = PBXFileReference; lastKnownFileType = image.png; path = xiaoguo.png; sourceTree = "<group>"; };
		7935CEAA201091E400F95EC5 /* HelenNewsRollView.h */ = {isa = PBXFileReference; fileEncoding = 4; lastKnownFileType = sourcecode.c.h; path = HelenNewsRollView.h; sourceTree = "<group>"; };
		7935CEAB201091E400F95EC5 /* HelenNewsRollView.m */ = {isa = PBXFileReference; fileEncoding = 4; lastKnownFileType = sourcecode.c.objc; path = HelenNewsRollView.m; sourceTree = "<group>"; };
		79D9A3AB200D928C006F88C6 /* RZHomeView_index.h */ = {isa = PBXFileReference; fileEncoding = 4; lastKnownFileType = sourcecode.c.h; path = RZHomeView_index.h; sourceTree = "<group>"; };
		79D9A3AC200D928C006F88C6 /* RZHomeView_index.m */ = {isa = PBXFileReference; fileEncoding = 4; lastKnownFileType = sourcecode.c.objc; path = RZHomeView_index.m; sourceTree = "<group>"; };
		79D9A3AF200D92D5006F88C6 /* MASCompositeConstraint.h */ = {isa = PBXFileReference; fileEncoding = 4; lastKnownFileType = sourcecode.c.h; path = MASCompositeConstraint.h; sourceTree = "<group>"; };
		79D9A3B0200D92D5006F88C6 /* NSLayoutConstraint+MASDebugAdditions.m */ = {isa = PBXFileReference; fileEncoding = 4; lastKnownFileType = sourcecode.c.objc; path = "NSLayoutConstraint+MASDebugAdditions.m"; sourceTree = "<group>"; };
		79D9A3B1200D92D5006F88C6 /* MASConstraint+Private.h */ = {isa = PBXFileReference; fileEncoding = 4; lastKnownFileType = sourcecode.c.h; path = "MASConstraint+Private.h"; sourceTree = "<group>"; };
		79D9A3B2200D92D5006F88C6 /* MASLayoutConstraint.h */ = {isa = PBXFileReference; fileEncoding = 4; lastKnownFileType = sourcecode.c.h; path = MASLayoutConstraint.h; sourceTree = "<group>"; };
		79D9A3B3200D92D5006F88C6 /* NSArray+MASShorthandAdditions.h */ = {isa = PBXFileReference; fileEncoding = 4; lastKnownFileType = sourcecode.c.h; path = "NSArray+MASShorthandAdditions.h"; sourceTree = "<group>"; };
		79D9A3B4200D92D5006F88C6 /* MASConstraintMaker.h */ = {isa = PBXFileReference; fileEncoding = 4; lastKnownFileType = sourcecode.c.h; path = MASConstraintMaker.h; sourceTree = "<group>"; };
		79D9A3B5200D92D5006F88C6 /* View+MASAdditions.h */ = {isa = PBXFileReference; fileEncoding = 4; lastKnownFileType = sourcecode.c.h; path = "View+MASAdditions.h"; sourceTree = "<group>"; };
		79D9A3B6200D92D5006F88C6 /* NSArray+MASAdditions.h */ = {isa = PBXFileReference; fileEncoding = 4; lastKnownFileType = sourcecode.c.h; path = "NSArray+MASAdditions.h"; sourceTree = "<group>"; };
		79D9A3B7200D92D5006F88C6 /* MASUtilities.h */ = {isa = PBXFileReference; fileEncoding = 4; lastKnownFileType = sourcecode.c.h; path = MASUtilities.h; sourceTree = "<group>"; };
		79D9A3B8200D92D5006F88C6 /* MASViewAttribute.h */ = {isa = PBXFileReference; fileEncoding = 4; lastKnownFileType = sourcecode.c.h; path = MASViewAttribute.h; sourceTree = "<group>"; };
		79D9A3B9200D92D5006F88C6 /* ViewController+MASAdditions.m */ = {isa = PBXFileReference; fileEncoding = 4; lastKnownFileType = sourcecode.c.objc; path = "ViewController+MASAdditions.m"; sourceTree = "<group>"; };
		79D9A3BA200D92D5006F88C6 /* MASViewConstraint.h */ = {isa = PBXFileReference; fileEncoding = 4; lastKnownFileType = sourcecode.c.h; path = MASViewConstraint.h; sourceTree = "<group>"; };
		79D9A3BB200D92D5006F88C6 /* MASConstraint.h */ = {isa = PBXFileReference; fileEncoding = 4; lastKnownFileType = sourcecode.c.h; path = MASConstraint.h; sourceTree = "<group>"; };
		79D9A3BC200D92D5006F88C6 /* NSLayoutConstraint+MASDebugAdditions.h */ = {isa = PBXFileReference; fileEncoding = 4; lastKnownFileType = sourcecode.c.h; path = "NSLayoutConstraint+MASDebugAdditions.h"; sourceTree = "<group>"; };
		79D9A3BD200D92D5006F88C6 /* MASCompositeConstraint.m */ = {isa = PBXFileReference; fileEncoding = 4; lastKnownFileType = sourcecode.c.objc; path = MASCompositeConstraint.m; sourceTree = "<group>"; };
		79D9A3BE200D92D5006F88C6 /* MASConstraintMaker.m */ = {isa = PBXFileReference; fileEncoding = 4; lastKnownFileType = sourcecode.c.objc; path = MASConstraintMaker.m; sourceTree = "<group>"; };
		79D9A3BF200D92D5006F88C6 /* MASLayoutConstraint.m */ = {isa = PBXFileReference; fileEncoding = 4; lastKnownFileType = sourcecode.c.objc; path = MASLayoutConstraint.m; sourceTree = "<group>"; };
		79D9A3C0200D92D5006F88C6 /* NSArray+MASAdditions.m */ = {isa = PBXFileReference; fileEncoding = 4; lastKnownFileType = sourcecode.c.objc; path = "NSArray+MASAdditions.m"; sourceTree = "<group>"; };
		79D9A3C1200D92D5006F88C6 /* View+MASAdditions.m */ = {isa = PBXFileReference; fileEncoding = 4; lastKnownFileType = sourcecode.c.objc; path = "View+MASAdditions.m"; sourceTree = "<group>"; };
		79D9A3C2200D92D5006F88C6 /* View+MASShorthandAdditions.h */ = {isa = PBXFileReference; fileEncoding = 4; lastKnownFileType = sourcecode.c.h; path = "View+MASShorthandAdditions.h"; sourceTree = "<group>"; };
		79D9A3C3200D92D5006F88C6 /* Masonry.h */ = {isa = PBXFileReference; fileEncoding = 4; lastKnownFileType = sourcecode.c.h; path = Masonry.h; sourceTree = "<group>"; };
		79D9A3C4200D92D5006F88C6 /* MASConstraint.m */ = {isa = PBXFileReference; fileEncoding = 4; lastKnownFileType = sourcecode.c.objc; path = MASConstraint.m; sourceTree = "<group>"; };
		79D9A3C5200D92D5006F88C6 /* ViewController+MASAdditions.h */ = {isa = PBXFileReference; fileEncoding = 4; lastKnownFileType = sourcecode.c.h; path = "ViewController+MASAdditions.h"; sourceTree = "<group>"; };
		79D9A3C6200D92D5006F88C6 /* MASViewConstraint.m */ = {isa = PBXFileReference; fileEncoding = 4; lastKnownFileType = sourcecode.c.objc; path = MASViewConstraint.m; sourceTree = "<group>"; };
		79D9A3C7200D92D5006F88C6 /* MASViewAttribute.m */ = {isa = PBXFileReference; fileEncoding = 4; lastKnownFileType = sourcecode.c.objc; path = MASViewAttribute.m; sourceTree = "<group>"; };
		79D9A3C8200D92D5006F88C6 /* Info.plist */ = {isa = PBXFileReference; fileEncoding = 4; lastKnownFileType = text.plist.xml; path = Info.plist; sourceTree = "<group>"; };
		79DB41F81DB9F3F500F2F4C6 /* HelenNewsRollView.app */ = {isa = PBXFileReference; explicitFileType = wrapper.application; includeInIndex = 0; path = HelenNewsRollView.app; sourceTree = BUILT_PRODUCTS_DIR; };
		79DB41FC1DB9F3F500F2F4C6 /* main.m */ = {isa = PBXFileReference; lastKnownFileType = sourcecode.c.objc; path = main.m; sourceTree = "<group>"; };
		79DB41FE1DB9F3F500F2F4C6 /* AppDelegate.h */ = {isa = PBXFileReference; lastKnownFileType = sourcecode.c.h; path = AppDelegate.h; sourceTree = "<group>"; };
		79DB41FF1DB9F3F500F2F4C6 /* AppDelegate.m */ = {isa = PBXFileReference; lastKnownFileType = sourcecode.c.objc; path = AppDelegate.m; sourceTree = "<group>"; };
		79DB42011DB9F3F500F2F4C6 /* ViewController.h */ = {isa = PBXFileReference; lastKnownFileType = sourcecode.c.h; path = ViewController.h; sourceTree = "<group>"; };
		79DB42021DB9F3F500F2F4C6 /* ViewController.m */ = {isa = PBXFileReference; lastKnownFileType = sourcecode.c.objc; path = ViewController.m; sourceTree = "<group>"; };
		79DB42051DB9F3F500F2F4C6 /* Base */ = {isa = PBXFileReference; lastKnownFileType = file.storyboard; name = Base; path = Base.lproj/Main.storyboard; sourceTree = "<group>"; };
		79DB42071DB9F3F500F2F4C6 /* Assets.xcassets */ = {isa = PBXFileReference; lastKnownFileType = folder.assetcatalog; path = Assets.xcassets; sourceTree = "<group>"; };
		79DB420A1DB9F3F500F2F4C6 /* Base */ = {isa = PBXFileReference; lastKnownFileType = file.storyboard; name = Base; path = Base.lproj/LaunchScreen.storyboard; sourceTree = "<group>"; };
		79DB420C1DB9F3F500F2F4C6 /* Info.plist */ = {isa = PBXFileReference; lastKnownFileType = text.plist.xml; path = Info.plist; sourceTree = "<group>"; };
		79DB42111DB9F3F500F2F4C6 /* HelenNewsRollViewTests.xctest */ = {isa = PBXFileReference; explicitFileType = wrapper.cfbundle; includeInIndex = 0; path = HelenNewsRollViewTests.xctest; sourceTree = BUILT_PRODUCTS_DIR; };
		79DB42151DB9F3F500F2F4C6 /* HelenNewsRollViewTests.m */ = {isa = PBXFileReference; lastKnownFileType = sourcecode.c.objc; path = HelenNewsRollViewTests.m; sourceTree = "<group>"; };
		79DB42171DB9F3F500F2F4C6 /* Info.plist */ = {isa = PBXFileReference; lastKnownFileType = text.plist.xml; path = Info.plist; sourceTree = "<group>"; };
		79DB421C1DB9F3F500F2F4C6 /* HelenNewsRollViewUITests.xctest */ = {isa = PBXFileReference; explicitFileType = wrapper.cfbundle; includeInIndex = 0; path = HelenNewsRollViewUITests.xctest; sourceTree = BUILT_PRODUCTS_DIR; };
		79DB42201DB9F3F500F2F4C6 /* HelenNewsRollViewUITests.m */ = {isa = PBXFileReference; lastKnownFileType = sourcecode.c.objc; path = HelenNewsRollViewUITests.m; sourceTree = "<group>"; };
		79DB42221DB9F3F500F2F4C6 /* Info.plist */ = {isa = PBXFileReference; lastKnownFileType = text.plist.xml; path = Info.plist; sourceTree = "<group>"; };
/* End PBXFileReference section */

/* Begin PBXFrameworksBuildPhase section */
		79DB41F51DB9F3F500F2F4C6 /* Frameworks */ = {
			isa = PBXFrameworksBuildPhase;
			buildActionMask = 2147483647;
			files = (
			);
			runOnlyForDeploymentPostprocessing = 0;
		};
		79DB420E1DB9F3F500F2F4C6 /* Frameworks */ = {
			isa = PBXFrameworksBuildPhase;
			buildActionMask = 2147483647;
			files = (
			);
			runOnlyForDeploymentPostprocessing = 0;
		};
		79DB42191DB9F3F500F2F4C6 /* Frameworks */ = {
			isa = PBXFrameworksBuildPhase;
			buildActionMask = 2147483647;
			files = (
			);
			runOnlyForDeploymentPostprocessing = 0;
		};
/* End PBXFrameworksBuildPhase section */

/* Begin PBXGroup section */
		793133B4204D3573007C0C5A /* images */ = {
			isa = PBXGroup;
			children = (
				793133B5204D357F007C0C5A /* xiaoguo.png */,
			);
			path = images;
			sourceTree = "<group>";
		};
		7935CEA9201091E400F95EC5 /* HelenNewsRollView */ = {
			isa = PBXGroup;
			children = (
				7935CEAA201091E400F95EC5 /* HelenNewsRollView.h */,
				7935CEAB201091E400F95EC5 /* HelenNewsRollView.m */,
			);
			path = HelenNewsRollView;
			sourceTree = "<group>";
		};
		79D9A3AE200D92D5006F88C6 /* Masonry */ = {
			isa = PBXGroup;
			children = (
				79D9A3AF200D92D5006F88C6 /* MASCompositeConstraint.h */,
				79D9A3B0200D92D5006F88C6 /* NSLayoutConstraint+MASDebugAdditions.m */,
				79D9A3B1200D92D5006F88C6 /* MASConstraint+Private.h */,
				79D9A3B2200D92D5006F88C6 /* MASLayoutConstraint.h */,
				79D9A3B3200D92D5006F88C6 /* NSArray+MASShorthandAdditions.h */,
				79D9A3B4200D92D5006F88C6 /* MASConstraintMaker.h */,
				79D9A3B5200D92D5006F88C6 /* View+MASAdditions.h */,
				79D9A3B6200D92D5006F88C6 /* NSArray+MASAdditions.h */,
				79D9A3B7200D92D5006F88C6 /* MASUtilities.h */,
				79D9A3B8200D92D5006F88C6 /* MASViewAttribute.h */,
				79D9A3B9200D92D5006F88C6 /* ViewController+MASAdditions.m */,
				79D9A3BA200D92D5006F88C6 /* MASViewConstraint.h */,
				79D9A3BB200D92D5006F88C6 /* MASConstraint.h */,
				79D9A3BC200D92D5006F88C6 /* NSLayoutConstraint+MASDebugAdditions.h */,
				79D9A3BD200D92D5006F88C6 /* MASCompositeConstraint.m */,
				79D9A3BE200D92D5006F88C6 /* MASConstraintMaker.m */,
				79D9A3BF200D92D5006F88C6 /* MASLayoutConstraint.m */,
				79D9A3C0200D92D5006F88C6 /* NSArray+MASAdditions.m */,
				79D9A3C1200D92D5006F88C6 /* View+MASAdditions.m */,
				79D9A3C2200D92D5006F88C6 /* View+MASShorthandAdditions.h */,
				79D9A3C3200D92D5006F88C6 /* Masonry.h */,
				79D9A3C4200D92D5006F88C6 /* MASConstraint.m */,
				79D9A3C5200D92D5006F88C6 /* ViewController+MASAdditions.h */,
				79D9A3C6200D92D5006F88C6 /* MASViewConstraint.m */,
				79D9A3C7200D92D5006F88C6 /* MASViewAttribute.m */,
				79D9A3C8200D92D5006F88C6 /* Info.plist */,
			);
			path = Masonry;
			sourceTree = "<group>";
		};
		79DB41EF1DB9F3F400F2F4C6 = {
			isa = PBXGroup;
			children = (
				79DB41FA1DB9F3F500F2F4C6 /* HelenNewsRollView */,
				79DB42141DB9F3F500F2F4C6 /* HelenNewsRollViewTests */,
				79DB421F1DB9F3F500F2F4C6 /* HelenNewsRollViewUITests */,
				79DB41F91DB9F3F500F2F4C6 /* Products */,
			);
			sourceTree = "<group>";
		};
		79DB41F91DB9F3F500F2F4C6 /* Products */ = {
			isa = PBXGroup;
			children = (
				79DB41F81DB9F3F500F2F4C6 /* HelenNewsRollView.app */,
				79DB42111DB9F3F500F2F4C6 /* HelenNewsRollViewTests.xctest */,
				79DB421C1DB9F3F500F2F4C6 /* HelenNewsRollViewUITests.xctest */,
			);
			name = Products;
			sourceTree = "<group>";
		};
		79DB41FA1DB9F3F500F2F4C6 /* HelenNewsRollView */ = {
			isa = PBXGroup;
			children = (
				793133B4204D3573007C0C5A /* images */,
				7935CEA9201091E400F95EC5 /* HelenNewsRollView */,
				79D9A3AE200D92D5006F88C6 /* Masonry */,
				79DB41FE1DB9F3F500F2F4C6 /* AppDelegate.h */,
				79DB41FF1DB9F3F500F2F4C6 /* AppDelegate.m */,
				79D9A3AB200D928C006F88C6 /* RZHomeView_index.h */,
				79D9A3AC200D928C006F88C6 /* RZHomeView_index.m */,
				79DB42011DB9F3F500F2F4C6 /* ViewController.h */,
				79DB42021DB9F3F500F2F4C6 /* ViewController.m */,
				79DB42041DB9F3F500F2F4C6 /* Main.storyboard */,
				79DB42071DB9F3F500F2F4C6 /* Assets.xcassets */,
				79DB42091DB9F3F500F2F4C6 /* LaunchScreen.storyboard */,
				79DB420C1DB9F3F500F2F4C6 /* Info.plist */,
				79DB41FB1DB9F3F500F2F4C6 /* Supporting Files */,
			);
			path = HelenNewsRollView;
			sourceTree = "<group>";
		};
		79DB41FB1DB9F3F500F2F4C6 /* Supporting Files */ = {
			isa = PBXGroup;
			children = (
				79DB41FC1DB9F3F500F2F4C6 /* main.m */,
			);
			name = "Supporting Files";
			sourceTree = "<group>";
		};
		79DB42141DB9F3F500F2F4C6 /* HelenNewsRollViewTests */ = {
			isa = PBXGroup;
			children = (
				79DB42151DB9F3F500F2F4C6 /* HelenNewsRollViewTests.m */,
				79DB42171DB9F3F500F2F4C6 /* Info.plist */,
			);
			path = HelenNewsRollViewTests;
			sourceTree = "<group>";
		};
		79DB421F1DB9F3F500F2F4C6 /* HelenNewsRollViewUITests */ = {
			isa = PBXGroup;
			children = (
				79DB42201DB9F3F500F2F4C6 /* HelenNewsRollViewUITests.m */,
				79DB42221DB9F3F500F2F4C6 /* Info.plist */,
			);
			path = HelenNewsRollViewUITests;
			sourceTree = "<group>";
		};
/* End PBXGroup section */

/* Begin PBXNativeTarget section */
		79DB41F71DB9F3F500F2F4C6 /* HelenNewsRollView */ = {
			isa = PBXNativeTarget;
			buildConfigurationList = 79DB42251DB9F3F500F2F4C6 /* Build configuration list for PBXNativeTarget "HelenNewsRollView" */;
			buildPhases = (
				79DB41F41DB9F3F500F2F4C6 /* Sources */,
				79DB41F51DB9F3F500F2F4C6 /* Frameworks */,
				79DB41F61DB9F3F500F2F4C6 /* Resources */,
			);
			buildRules = (
			);
			dependencies = (
			);
			name = HelenNewsRollView;
			productName = HelenNewsRollView;
			productReference = 79DB41F81DB9F3F500F2F4C6 /* HelenNewsRollView.app */;
			productType = "com.apple.product-type.application";
		};
		79DB42101DB9F3F500F2F4C6 /* HelenNewsRollViewTests */ = {
			isa = PBXNativeTarget;
			buildConfigurationList = 79DB42281DB9F3F500F2F4C6 /* Build configuration list for PBXNativeTarget "HelenNewsRollViewTests" */;
			buildPhases = (
				79DB420D1DB9F3F500F2F4C6 /* Sources */,
				79DB420E1DB9F3F500F2F4C6 /* Frameworks */,
				79DB420F1DB9F3F500F2F4C6 /* Resources */,
			);
			buildRules = (
			);
			dependencies = (
				79DB42131DB9F3F500F2F4C6 /* PBXTargetDependency */,
			);
			name = HelenNewsRollViewTests;
			productName = HelenNewsRollViewTests;
			productReference = 79DB42111DB9F3F500F2F4C6 /* HelenNewsRollViewTests.xctest */;
			productType = "com.apple.product-type.bundle.unit-test";
		};
		79DB421B1DB9F3F500F2F4C6 /* HelenNewsRollViewUITests */ = {
			isa = PBXNativeTarget;
			buildConfigurationList = 79DB422B1DB9F3F500F2F4C6 /* Build configuration list for PBXNativeTarget "HelenNewsRollViewUITests" */;
			buildPhases = (
				79DB42181DB9F3F500F2F4C6 /* Sources */,
				79DB42191DB9F3F500F2F4C6 /* Frameworks */,
				79DB421A1DB9F3F500F2F4C6 /* Resources */,
			);
			buildRules = (
			);
			dependencies = (
				79DB421E1DB9F3F500F2F4C6 /* PBXTargetDependency */,
			);
			name = HelenNewsRollViewUITests;
			productName = HelenNewsRollViewUITests;
			productReference = 79DB421C1DB9F3F500F2F4C6 /* HelenNewsRollViewUITests.xctest */;
			productType = "com.apple.product-type.bundle.ui-testing";
		};
/* End PBXNativeTarget section */

/* Begin PBXProject section */
		79DB41F01DB9F3F400F2F4C6 /* Project object */ = {
			isa = PBXProject;
			attributes = {
				LastUpgradeCheck = 0730;
				ORGANIZATIONNAME = "还带大道";
				TargetAttributes = {
					79DB41F71DB9F3F500F2F4C6 = {
						CreatedOnToolsVersion = 7.3;
						DevelopmentTeam = M52P974AVK;
					};
					79DB42101DB9F3F500F2F4C6 = {
						CreatedOnToolsVersion = 7.3;
						TestTargetID = 79DB41F71DB9F3F500F2F4C6;
					};
					79DB421B1DB9F3F500F2F4C6 = {
						CreatedOnToolsVersion = 7.3;
						TestTargetID = 79DB41F71DB9F3F500F2F4C6;
					};
				};
			};
			buildConfigurationList = 79DB41F31DB9F3F400F2F4C6 /* Build configuration list for PBXProject "HelenNewsRollView" */;
			compatibilityVersion = "Xcode 3.2";
			developmentRegion = English;
			hasScannedForEncodings = 0;
			knownRegions = (
				en,
				Base,
			);
			mainGroup = 79DB41EF1DB9F3F400F2F4C6;
			productRefGroup = 79DB41F91DB9F3F500F2F4C6 /* Products */;
			projectDirPath = "";
			projectRoot = "";
			targets = (
				79DB41F71DB9F3F500F2F4C6 /* HelenNewsRollView */,
				79DB42101DB9F3F500F2F4C6 /* HelenNewsRollViewTests */,
				79DB421B1DB9F3F500F2F4C6 /* HelenNewsRollViewUITests */,
			);
		};
/* End PBXProject section */

/* Begin PBXResourcesBuildPhase section */
		79DB41F61DB9F3F500F2F4C6 /* Resources */ = {
			isa = PBXResourcesBuildPhase;
			buildActionMask = 2147483647;
			files = (
				79D9A3D3200D92D5006F88C6 /* Info.plist in Resources */,
				79DB420B1DB9F3F500F2F4C6 /* LaunchScreen.storyboard in Resources */,
				79DB42081DB9F3F500F2F4C6 /* Assets.xcassets in Resources */,
				79DB42061DB9F3F500F2F4C6 /* Main.storyboard in Resources */,
			);
			runOnlyForDeploymentPostprocessing = 0;
		};
		79DB420F1DB9F3F500F2F4C6 /* Resources */ = {
			isa = PBXResourcesBuildPhase;
			buildActionMask = 2147483647;
			files = (
			);
			runOnlyForDeploymentPostprocessing = 0;
		};
		79DB421A1DB9F3F500F2F4C6 /* Resources */ = {
			isa = PBXResourcesBuildPhase;
			buildActionMask = 2147483647;
			files = (
			);
			runOnlyForDeploymentPostprocessing = 0;
		};
/* End PBXResourcesBuildPhase section */

/* Begin PBXSourcesBuildPhase section */
		79DB41F41DB9F3F500F2F4C6 /* Sources */ = {
			isa = PBXSourcesBuildPhase;
			buildActionMask = 2147483647;
			files = (
				79D9A3AD200D928C006F88C6 /* RZHomeView_index.m in Sources */,
				79DB42031DB9F3F500F2F4C6 /* ViewController.m in Sources */,
				79D9A3CD200D92D5006F88C6 /* MASLayoutConstraint.m in Sources */,
				79DB42001DB9F3F500F2F4C6 /* AppDelegate.m in Sources */,
				79D9A3D2200D92D5006F88C6 /* MASViewAttribute.m in Sources */,
				79D9A3CE200D92D5006F88C6 /* NSArray+MASAdditions.m in Sources */,
				79D9A3CB200D92D5006F88C6 /* MASCompositeConstraint.m in Sources */,
				79D9A3CC200D92D5006F88C6 /* MASConstraintMaker.m in Sources */,
				79D9A3CF200D92D5006F88C6 /* View+MASAdditions.m in Sources */,
				79D9A3CA200D92D5006F88C6 /* ViewController+MASAdditions.m in Sources */,
				79DB41FD1DB9F3F500F2F4C6 /* main.m in Sources */,
				7935CEAC201091E400F95EC5 /* HelenNewsRollView.m in Sources */,
				79D9A3D1200D92D5006F88C6 /* MASViewConstraint.m in Sources */,
				79D9A3C9200D92D5006F88C6 /* NSLayoutConstraint+MASDebugAdditions.m in Sources */,
				79D9A3D0200D92D5006F88C6 /* MASConstraint.m in Sources */,
			);
			runOnlyForDeploymentPostprocessing = 0;
		};
		79DB420D1DB9F3F500F2F4C6 /* Sources */ = {
			isa = PBXSourcesBuildPhase;
			buildActionMask = 2147483647;
			files = (
				79DB42161DB9F3F500F2F4C6 /* HelenNewsRollViewTests.m in Sources */,
			);
			runOnlyForDeploymentPostprocessing = 0;
		};
		79DB42181DB9F3F500F2F4C6 /* Sources */ = {
			isa = PBXSourcesBuildPhase;
			buildActionMask = 2147483647;
			files = (
				79DB42211DB9F3F500F2F4C6 /* HelenNewsRollViewUITests.m in Sources */,
			);
			runOnlyForDeploymentPostprocessing = 0;
		};
/* End PBXSourcesBuildPhase section */

/* Begin PBXTargetDependency section */
		79DB42131DB9F3F500F2F4C6 /* PBXTargetDependency */ = {
			isa = PBXTargetDependency;
			target = 79DB41F71DB9F3F500F2F4C6 /* HelenNewsRollView */;
			targetProxy = 79DB42121DB9F3F500F2F4C6 /* PBXContainerItemProxy */;
		};
		79DB421E1DB9F3F500F2F4C6 /* PBXTargetDependency */ = {
			isa = PBXTargetDependency;
			target = 79DB41F71DB9F3F500F2F4C6 /* HelenNewsRollView */;
			targetProxy = 79DB421D1DB9F3F500F2F4C6 /* PBXContainerItemProxy */;
		};
/* End PBXTargetDependency section */

/* Begin PBXVariantGroup section */
		79DB42041DB9F3F500F2F4C6 /* Main.storyboard */ = {
			isa = PBXVariantGroup;
			children = (
				79DB42051DB9F3F500F2F4C6 /* Base */,
			);
			name = Main.storyboard;
			sourceTree = "<group>";
		};
		79DB42091DB9F3F500F2F4C6 /* LaunchScreen.storyboard */ = {
			isa = PBXVariantGroup;
			children = (
				79DB420A1DB9F3F500F2F4C6 /* Base */,
			);
			name = LaunchScreen.storyboard;
			sourceTree = "<group>";
		};
/* End PBXVariantGroup section */

/* Begin XCBuildConfiguration section */
		79DB42231DB9F3F500F2F4C6 /* Debug */ = {
			isa = XCBuildConfiguration;
			buildSettings = {
				ALWAYS_SEARCH_USER_PATHS = NO;
				CLANG_ANALYZER_NONNULL = YES;
				CLANG_CXX_LANGUAGE_STANDARD = "gnu++0x";
				CLANG_CXX_LIBRARY = "libc++";
				CLANG_ENABLE_MODULES = YES;
				CLANG_ENABLE_OBJC_ARC = YES;
				CLANG_WARN_BOOL_CONVERSION = YES;
				CLANG_WARN_CONSTANT_CONVERSION = YES;
				CLANG_WARN_DIRECT_OBJC_ISA_USAGE = YES_ERROR;
				CLANG_WARN_EMPTY_BODY = YES;
				CLANG_WARN_ENUM_CONVERSION = YES;
				CLANG_WARN_INT_CONVERSION = YES;
				CLANG_WARN_OBJC_ROOT_CLASS = YES_ERROR;
				CLANG_WARN_UNREACHABLE_CODE = YES;
				CLANG_WARN__DUPLICATE_METHOD_MATCH = YES;
				"CODE_SIGN_IDENTITY[sdk=iphoneos*]" = "iPhone Developer";
				COPY_PHASE_STRIP = NO;
				DEBUG_INFORMATION_FORMAT = dwarf;
				ENABLE_STRICT_OBJC_MSGSEND = YES;
				ENABLE_TESTABILITY = YES;
				GCC_C_LANGUAGE_STANDARD = gnu99;
				GCC_DYNAMIC_NO_PIC = NO;
				GCC_NO_COMMON_BLOCKS = YES;
				GCC_OPTIMIZATION_LEVEL = 0;
				GCC_PREPROCESSOR_DEFINITIONS = (
					"DEBUG=1",
					"$(inherited)",
				);
				GCC_WARN_64_TO_32_BIT_CONVERSION = YES;
				GCC_WARN_ABOUT_RETURN_TYPE = YES_ERROR;
				GCC_WARN_UNDECLARED_SELECTOR = YES;
				GCC_WARN_UNINITIALIZED_AUTOS = YES_AGGRESSIVE;
				GCC_WARN_UNUSED_FUNCTION = YES;
				GCC_WARN_UNUSED_VARIABLE = YES;
				IPHONEOS_DEPLOYMENT_TARGET = 9.3;
				MTL_ENABLE_DEBUG_INFO = YES;
				ONLY_ACTIVE_ARCH = YES;
				SDKROOT = iphoneos;
			};
			name = Debug;
		};
		79DB42241DB9F3F500F2F4C6 /* Release */ = {
			isa = XCBuildConfiguration;
			buildSettings = {
				ALWAYS_SEARCH_USER_PATHS = NO;
				CLANG_ANALYZER_NONNULL = YES;
				CLANG_CXX_LANGUAGE_STANDARD = "gnu++0x";
				CLANG_CXX_LIBRARY = "libc++";
				CLANG_ENABLE_MODULES = YES;
				CLANG_ENABLE_OBJC_ARC = YES;
				CLANG_WARN_BOOL_CONVERSION = YES;
				CLANG_WARN_CONSTANT_CONVERSION = YES;
				CLANG_WARN_DIRECT_OBJC_ISA_USAGE = YES_ERROR;
				CLANG_WARN_EMPTY_BODY = YES;
				CLANG_WARN_ENUM_CONVERSION = YES;
				CLANG_WARN_INT_CONVERSION = YES;
				CLANG_WARN_OBJC_ROOT_CLASS = YES_ERROR;
				CLANG_WARN_UNREACHABLE_CODE = YES;
				CLANG_WARN__DUPLICATE_METHOD_MATCH = YES;
				"CODE_SIGN_IDENTITY[sdk=iphoneos*]" = "iPhone Developer";
				COPY_PHASE_STRIP = NO;
				DEBUG_INFORMATION_FORMAT = "dwarf-with-dsym";
				ENABLE_NS_ASSERTIONS = NO;
				ENABLE_STRICT_OBJC_MSGSEND = YES;
				GCC_C_LANGUAGE_STANDARD = gnu99;
				GCC_NO_COMMON_BLOCKS = YES;
				GCC_WARN_64_TO_32_BIT_CONVERSION = YES;
				GCC_WARN_ABOUT_RETURN_TYPE = YES_ERROR;
				GCC_WARN_UNDECLARED_SELECTOR = YES;
				GCC_WARN_UNINITIALIZED_AUTOS = YES_AGGRESSIVE;
				GCC_WARN_UNUSED_FUNCTION = YES;
				GCC_WARN_UNUSED_VARIABLE = YES;
				IPHONEOS_DEPLOYMENT_TARGET = 9.3;
				MTL_ENABLE_DEBUG_INFO = NO;
				SDKROOT = iphoneos;
				VALIDATE_PRODUCT = YES;
			};
			name = Release;
		};
		79DB42261DB9F3F500F2F4C6 /* Debug */ = {
			isa = XCBuildConfiguration;
			buildSettings = {
				ASSETCATALOG_COMPILER_APPICON_NAME = AppIcon;
				DEVELOPMENT_TEAM = M52P974AVK;
				INFOPLIST_FILE = HelenNewsRollView/Info.plist;
				LD_RUNPATH_SEARCH_PATHS = "$(inherited) @executable_path/Frameworks";
				PRODUCT_BUNDLE_IDENTIFIER = helen.HelenNewsRollView;
				PRODUCT_NAME = "$(TARGET_NAME)";
			};
			name = Debug;
		};
		79DB42271DB9F3F500F2F4C6 /* Release */ = {
			isa = XCBuildConfiguration;
			buildSettings = {
				ASSETCATALOG_COMPILER_APPICON_NAME = AppIcon;
				DEVELOPMENT_TEAM = M52P974AVK;
				INFOPLIST_FILE = HelenNewsRollView/Info.plist;
				LD_RUNPATH_SEARCH_PATHS = "$(inherited) @executable_path/Frameworks";
				PRODUCT_BUNDLE_IDENTIFIER = helen.HelenNewsRollView;
				PRODUCT_NAME = "$(TARGET_NAME)";
			};
			name = Release;
		};
		79DB42291DB9F3F500F2F4C6 /* Debug */ = {
			isa = XCBuildConfiguration;
			buildSettings = {
				BUNDLE_LOADER = "$(TEST_HOST)";
				INFOPLIST_FILE = HelenNewsRollViewTests/Info.plist;
				LD_RUNPATH_SEARCH_PATHS = "$(inherited) @executable_path/Frameworks @loader_path/Frameworks";
				PRODUCT_BUNDLE_IDENTIFIER = helen.HelenNewsRollViewTests;
				PRODUCT_NAME = "$(TARGET_NAME)";
				TEST_HOST = "$(BUILT_PRODUCTS_DIR)/HelenNewsRollView.app/HelenNewsRollView";
			};
			name = Debug;
		};
		79DB422A1DB9F3F500F2F4C6 /* Release */ = {
			isa = XCBuildConfiguration;
			buildSettings = {
				BUNDLE_LOADER = "$(TEST_HOST)";
				INFOPLIST_FILE = HelenNewsRollViewTests/Info.plist;
				LD_RUNPATH_SEARCH_PATHS = "$(inherited) @executable_path/Frameworks @loader_path/Frameworks";
				PRODUCT_BUNDLE_IDENTIFIER = helen.HelenNewsRollViewTests;
				PRODUCT_NAME = "$(TARGET_NAME)";
				TEST_HOST = "$(BUILT_PRODUCTS_DIR)/HelenNewsRollView.app/HelenNewsRollView";
			};
			name = Release;
		};
		79DB422C1DB9F3F500F2F4C6 /* Debug */ = {
			isa = XCBuildConfiguration;
			buildSettings = {
				INFOPLIST_FILE = HelenNewsRollViewUITests/Info.plist;
				LD_RUNPATH_SEARCH_PATHS = "$(inherited) @executable_path/Frameworks @loader_path/Frameworks";
				PRODUCT_BUNDLE_IDENTIFIER = helen.HelenNewsRollViewUITests;
				PRODUCT_NAME = "$(TARGET_NAME)";
				TEST_TARGET_NAME = HelenNewsRollView;
			};
			name = Debug;
		};
		79DB422D1DB9F3F500F2F4C6 /* Release */ = {
			isa = XCBuildConfiguration;
			buildSettings = {
				INFOPLIST_FILE = HelenNewsRollViewUITests/Info.plist;
				LD_RUNPATH_SEARCH_PATHS = "$(inherited) @executable_path/Frameworks @loader_path/Frameworks";
				PRODUCT_BUNDLE_IDENTIFIER = helen.HelenNewsRollViewUITests;
				PRODUCT_NAME = "$(TARGET_NAME)";
				TEST_TARGET_NAME = HelenNewsRollView;
			};
			name = Release;
		};
/* End XCBuildConfiguration section */

/* Begin XCConfigurationList section */
		79DB41F31DB9F3F400F2F4C6 /* Build configuration list for PBXProject "HelenNewsRollView" */ = {
			isa = XCConfigurationList;
			buildConfigurations = (
				79DB42231DB9F3F500F2F4C6 /* Debug */,
				79DB42241DB9F3F500F2F4C6 /* Release */,
			);
			defaultConfigurationIsVisible = 0;
			defaultConfigurationName = Release;
		};
		79DB42251DB9F3F500F2F4C6 /* Build configuration list for PBXNativeTarget "HelenNewsRollView" */ = {
			isa = XCConfigurationList;
			buildConfigurations = (
				79DB42261DB9F3F500F2F4C6 /* Debug */,
				79DB42271DB9F3F500F2F4C6 /* Release */,
			);
			defaultConfigurationIsVisible = 0;
			defaultConfigurationName = Release;
		};
		79DB42281DB9F3F500F2F4C6 /* Build configuration list for PBXNativeTarget "HelenNewsRollViewTests" */ = {
			isa = XCConfigurationList;
			buildConfigurations = (
				79DB42291DB9F3F500F2F4C6 /* Debug */,
				79DB422A1DB9F3F500F2F4C6 /* Release */,
			);
			defaultConfigurationIsVisible = 0;
			defaultConfigurationName = Release;
		};
		79DB422B1DB9F3F500F2F4C6 /* Build configuration list for PBXNativeTarget "HelenNewsRollViewUITests" */ = {
			isa = XCConfigurationList;
			buildConfigurations = (
				79DB422C1DB9F3F500F2F4C6 /* Debug */,
				79DB422D1DB9F3F500F2F4C6 /* Release */,
			);
			defaultConfigurationIsVisible = 0;
			defaultConfigurationName = Release;
		};
/* End XCConfigurationList section */
	};
	rootObject = 79DB41F01DB9F3F400F2F4C6 /* Project object */;
}
